
Microsoft Visual Studio Solution File, Format Version 12.00
Project("{FAE04EC0-301F-11D3-BF4B-00C04F79EFBC}") = "zajecia2", "zajecia2\zajecia2.csproj", "{59E44A83-EB11-47E8-BC10-ED9BB43F38BB}"
EndProject
Project("{FAE04EC0-301F-11D3-BF4B-00C04F79EFBC}") = "zajecia3", "zajecia3\zajecia3.csproj", "{DF7FBAE3-6FEF-4247-BC32-1C82B5C09009}"
EndProject
Global
	GlobalSection(SolutionConfigurationPlatforms) = preSolution
		Debug|Any CPU = Debug|Any CPU
		Release|Any CPU = Release|Any CPU
	EndGlobalSection
	GlobalSection(ProjectConfigurationPlatforms) = postSolution
		{59E44A83-EB11-47E8-BC10-ED9BB43F38BB}.Debug|Any CPU.ActiveCfg = Debug|Any CPU
		{59E44A83-EB11-47E8-BC10-ED9BB43F38BB}.Debug|Any CPU.Build.0 = Debug|Any CPU
		{59E44A83-EB11-47E8-BC10-ED9BB43F38BB}.Release|Any CPU.ActiveCfg = Release|Any CPU
		{59E44A83-EB11-47E8-BC10-ED9BB43F38BB}.Release|Any CPU.Build.0 = Release|Any CPU
		{DF7FBAE3-6FEF-4247-BC32-1C82B5C09009}.Debug|Any CPU.ActiveCfg = Debug|Any CPU
		{DF7FBAE3-6FEF-4247-BC32-1C82B5C09009}.Debug|Any CPU.Build.0 = Debug|Any CPU
		{DF7FBAE3-6FEF-4247-BC32-1C82B5C09009}.Release|Any CPU.ActiveCfg = Release|Any CPU
		{DF7FBAE3-6FEF-4247-BC32-1C82B5C09009}.Release|Any CPU.Build.0 = Release|Any CPU
	EndGlobalSection
EndGlobal
